# generated by rye
# use `rye lock` or `rye sync` to update this lockfile
#
# last locked with the following flags:
#   pre: false
#   features: []
#   all-features: false
#   with-sources: false
#   generate-hashes: false
#   universal: false

-e file:.
ansible==9.6.0
    # via homelab
ansible-compat==24.5.1
    # via molecule
ansible-core==2.16.7
    # via ansible
    # via ansible-compat
    # via molecule
attrs==23.2.0
    # via jsonschema
    # via referencing
bracex==2.4
    # via wcmatch
certifi==2024.2.2
    # via requests
cffi==1.16.0
    # via cryptography
charset-normalizer==3.3.2
    # via requests
click==8.1.7
    # via click-help-colors
    # via molecule
click-help-colors==0.9.4
    # via molecule
cryptography==42.0.7
    # via ansible-core
    # via pyspnego
    # via requests-ntlm
docker==7.1.0
    # via molecule-docker
enrich==1.2.7
    # via molecule
idna==3.7
    # via requests
jinja2==3.1.4
    # via ansible-core
    # via molecule
jsonschema==4.22.0
    # via ansible-compat
    # via molecule
jsonschema-specifications==2023.12.1
    # via jsonschema
markdown-it-py==3.0.0
    # via rich
markupsafe==2.1.5
    # via jinja2
mdurl==0.1.2
    # via markdown-it-py
molecule==24.2.1
    # via homelab
    # via molecule-docker
molecule-docker==2.1.0
    # via homelab
packaging==24.0
    # via ansible-compat
    # via ansible-core
    # via molecule
pluggy==1.5.0
    # via molecule
pycparser==2.22
    # via cffi
pygments==2.18.0
    # via rich
pyspnego==0.10.2
    # via requests-ntlm
pywinrm==0.4.3
    # via homelab
pyyaml==6.0.1
    # via ansible-compat
    # via ansible-core
    # via molecule
referencing==0.35.1
    # via jsonschema
    # via jsonschema-specifications
requests==2.32.2
    # via docker
    # via molecule-docker
    # via pywinrm
    # via requests-ntlm
requests-ntlm==1.2.0
    # via pywinrm
resolvelib==1.0.1
    # via ansible-core
rich==13.7.1
    # via enrich
    # via molecule
rpds-py==0.18.1
    # via jsonschema
    # via referencing
six==1.16.0
    # via pywinrm
subprocess-tee==0.4.1
    # via ansible-compat
urllib3==2.2.1
    # via docker
    # via requests
wcmatch==8.5.2
    # via molecule
xmltodict==0.13.0
    # via pywinrm
